
Microsoft Visual Studio Solution File, Format Version 12.00
# Visual Studio Version 16
VisualStudioVersion = 16.0.32126.315
MinimumVisualStudioVersion = 10.0.40219.1
Project("{FAE04EC0-301F-11D3-BF4B-00C04F79EFBC}") = "ImageSave", "ImageSave\ImageSave.csproj", "{5E7C6100-27CD-4796-96B6-B24361DA14A8}"
EndProject
Global
	GlobalSection(SolutionConfigurationPlatforms) = preSolution
		Debug|Any CPU = Debug|Any CPU
		Release|Any CPU = Release|Any CPU
	EndGlobalSection
	GlobalSection(ProjectConfigurationPlatforms) = postSolution
		{5E7C6100-27CD-4796-96B6-B24361DA14A8}.Debug|Any CPU.ActiveCfg = Debug|Any CPU
		{5E7C6100-27CD-4796-96B6-B24361DA14A8}.Debug|Any CPU.Build.0 = Debug|Any CPU
		{5E7C6100-27CD-4796-96B6-B24361DA14A8}.Release|Any CPU.ActiveCfg = Release|Any CPU
		{5E7C6100-27CD-4796-96B6-B24361DA14A8}.Release|Any CPU.Build.0 = Release|Any CPU
	EndGlobalSection
	GlobalSection(SolutionProperties) = preSolution
		HideSolutionNode = FALSE
	EndGlobalSection
	GlobalSection(ExtensibilityGlobals) = postSolution
		SolutionGuid = {10FF6C0C-6C5F-417B-820E-44D7DFBD5165}
	EndGlobalSection
EndGlobal
